
Microsoft Visual Studio Solution File, Format Version 12.00
# Blend for Visual Studio Version 17
VisualStudioVersion = 17.7.34202.233
MinimumVisualStudioVersion = 10.0.40219.1
Project("{FAE04EC0-301F-11D3-BF4B-00C04F79EFBC}") = "Autoclicker UI", "Autoclicker UI.csproj", "{5368DF40-8D02-463E-AC18-493D466B7390}"
EndProject
Global
	GlobalSection(SolutionConfigurationPlatforms) = preSolution
		Debug|Any CPU = Debug|Any CPU
		Release|Any CPU = Release|Any CPU
	EndGlobalSection
	GlobalSection(ProjectConfigurationPlatforms) = postSolution
		{5368DF40-8D02-463E-AC18-493D466B7390}.Debug|Any CPU.ActiveCfg = Debug|Any CPU
		{5368DF40-8D02-463E-AC18-493D466B7390}.Debug|Any CPU.Build.0 = Debug|Any CPU
		{5368DF40-8D02-463E-AC18-493D466B7390}.Release|Any CPU.ActiveCfg = Release|Any CPU
		{5368DF40-8D02-463E-AC18-493D466B7390}.Release|Any CPU.Build.0 = Release|Any CPU
	EndGlobalSection
	GlobalSection(SolutionProperties) = preSolution
		HideSolutionNode = FALSE
	EndGlobalSection
	GlobalSection(ExtensibilityGlobals) = postSolution
		SolutionGuid = {939E8E48-9348-4546-B2F9-0BEAD15D9383}
	EndGlobalSection
EndGlobal
